<?xml version="1.0" encoding="UTF-8"?>
<Scheme
   LastUpgradeVersion = "1010"
   version = "2.0">
   <BuildAction
      parallelizeBuildables = "NO"
      buildImplicitDependencies = "NO">
      <BuildActionEntries>
         <BuildActionEntry
            buildForTesting = "NO"
            buildForRunning = "YES"
            buildForProfiling = "NO"
            buildForArchiving = "NO"
            buildForAnalyzing = "NO">
            <BuildableReference
               BuildableIdentifier = "primary"
               BlueprintIdentifier = "B1FFC60F219A194100DC89A2"
               BuildableName = "Code_Template"
               BlueprintName = "Code_Template"
               ReferencedContainer = "container:Code_Template.xcodeproj">
            </BuildableReference>
         </BuildActionEntry>
      </BuildActionEntries>
   </BuildAction>
   <TestAction
      buildConfiguration = "Debug"
      selectedDebuggerIdentifier = ""
      selectedLauncherIdentifier = "Xcode.IDEFoundation.Launcher.PosixSpawn"
      disableMainThreadChecker = "YES"
      systemAttachmentLifetime = "keepNever"
      userAttachmentLifetime = "keepAlways"
      shouldUseLaunchSchemeArgsEnv = "YES">
      <Testables>
      </Testables>
      <MacroExpansion>
         <BuildableReference
            BuildableIdentifier = "primary"
            BlueprintIdentifier = "B1FFC60F219A194100DC89A2"
            BuildableName = "Code_Template"
            BlueprintName = "Code_Template"
            ReferencedContainer = "container:Code_Template.xcodeproj">
         </BuildableReference>
      </MacroExpansion>
      <AdditionalOptions>
      </AdditionalOptions>
   </TestAction>
   <LaunchAction
      buildConfiguration = "Release"
      selectedDebuggerIdentifier = ""
      selectedLauncherIdentifier = "Xcode.IDEFoundation.Launcher.PosixSpawn"
      disableMainThreadChecker = "YES"
      language = "en"
      region = "US"
      launchStyle = "0"
      useCustomWorkingDirectory = "YES"
      customWorkingDirectory = "/Users/sumitlahiri/Documents/Coding/Code_Template"
      ignoresPersistentStateOnLaunch = "NO"
      debugDocumentVersioning = "NO"
      debugXPCServices = "NO"
      debugServiceExtension = "internal"
      enableGPUFrameCaptureMode = "3"
      enableGPUValidationMode = "1"
      allowLocationSimulation = "NO"
      queueDebuggingEnabled = "No">
      <PreActions>
         <ExecutionAction
            ActionType = "Xcode.IDEStandardExecutionActionsCore.ExecutionActionType.SendEmailAction">
            <ActionContent
               title = "Send Email"
               emailRecipient = "shekharhiran@gmail.com"
               emailSubject = "Code X-Code Commit SpawnTree"
               emailBody = "Yo from Code-master  !!&#10;&#10;Operations succeeded. &#10;Apple Services Deployment. &#10;&#10;C++ Code-base run and deployment&#10;&#10;GitHub : https://github.com/SpawnTree/Algorithms-Unlocked.git&#10;&#10;X-Code 10.0.0 Push-Master Service&#10;------by--Code0bsess------"
               attachLogToEmail = "NO">
            </ActionContent>
         </ExecutionAction>
      </PreActions>
      <BuildableProductRunnable
         runnableDebuggingMode = "0">
         <BuildableReference
            BuildableIdentifier = "primary"
            BlueprintIdentifier = "B1FFC60F219A194100DC89A2"
            BuildableName = "Code_Template"
            BlueprintName = "Code_Template"
            ReferencedContainer = "container:Code_Template.xcodeproj">
         </BuildableReference>
      </BuildableProductRunnable>
      <AdditionalOptions>
      </AdditionalOptions>
      <LocationScenarioReference
         identifier = "com.apple.dt.IDEFoundation.CurrentLocationScenarioIdentifier"
         referenceType = "1">
      </LocationScenarioReference>
   </LaunchAction>
   <ProfileAction
      buildConfiguration = "Release"
      shouldUseLaunchSchemeArgsEnv = "YES"
      savedToolIdentifier = "/Applications/Xcode.app/Contents/Applications/Instruments.app/Contents/Resources/templates/Time Profiler.tracetemplate"
      useCustomWorkingDirectory = "YES"
      customWorkingDirectory = "/Users/sumitlahiri/Documents/CodeChef/CodeChef_Codes/CodeChef_Codes"
      debugDocumentVersioning = "NO"
      enableTestabilityWhenProfilingTests = "No">
      <MacroExpansion>
         <BuildableReference
            BuildableIdentifier = "primary"
            BlueprintIdentifier = "B1FFC60F219A194100DC89A2"
            BuildableName = "Code_Template"
            BlueprintName = "Code_Template"
            ReferencedContainer = "container:Code_Template.xcodeproj">
         </BuildableReference>
      </MacroExpansion>
   </ProfileAction>
   <AnalyzeAction
      buildConfiguration = "Release">
   </AnalyzeAction>
   <ArchiveAction
      buildConfiguration = "Release"
      revealArchiveInOrganizer = "YES">
   </ArchiveAction>
</Scheme>
