// !$*UTF8*$!
{
	archiveVersion = 1;
	classes = {
	};
	objectVersion = 50;
	objects = {

/* Begin PBXCopyFilesBuildPhase section */
		B1FFC60E219A194100DC89A2 /* CopyFiles */ = {
			isa = PBXCopyFilesBuildPhase;
			buildActionMask = 12;
			dstPath = /Users/sumitlahiri/Documents/Coding/Code_Template;
			dstSubfolderSpec = 0;
			files = (
			);
			runOnlyForDeploymentPostprocessing = 0;
		};
/* End PBXCopyFilesBuildPhase section */

/* Begin PBXFileReference section */
		B135AF1221A153F70057C3A3 /* Headers */ = {isa = PBXFileReference; lastKnownFileType = folder; name = Headers; path = Code_Template/Headers; sourceTree = "<group>"; };
		B135AF1321A154530057C3A3 /* solution.cpp */ = {isa = PBXFileReference; fileEncoding = 4; lastKnownFileType = sourcecode.cpp.cpp; name = solution.cpp; path = Code_Template/solution.cpp; sourceTree = "<group>"; };
		B15C422E21A4705600A16B43 /* Cases */ = {isa = PBXFileReference; lastKnownFileType = folder; name = Cases; path = Code_Template/Cases; sourceTree = "<group>"; };
		B15C422F21A4705600A16B43 /* Output */ = {isa = PBXFileReference; lastKnownFileType = folder; name = Output; path = Code_Template/Output; sourceTree = "<group>"; };
		B15C423021A4705600A16B43 /* Code */ = {isa = PBXFileReference; lastKnownFileType = folder; name = Code; path = Code_Template/Code; sourceTree = "<group>"; };
		B15C423121A4705600A16B43 /* Input */ = {isa = PBXFileReference; lastKnownFileType = folder; name = Input; path = Code_Template/Input; sourceTree = "<group>"; };
		B1CD343A219EEE6C003C88AF /* code.cpp */ = {isa = PBXFileReference; lastKnownFileType = sourcecode.cpp.cpp; name = code.cpp; path = Code_Template/code.cpp; sourceTree = "<group>"; };
		B1CD3440219EF010003C88AF /* log.txt */ = {isa = PBXFileReference; fileEncoding = 4; lastKnownFileType = text; name = log.txt; path = Code_Template/Logs/log.txt; sourceTree = "<group>"; };
		B1CD3443219EF024003C88AF /* SCRATCH.md */ = {isa = PBXFileReference; fileEncoding = 4; lastKnownFileType = net.daringfireball.markdown; name = SCRATCH.md; path = Code_Template/SCRATCH.md; sourceTree = "<group>"; };
		B1CD3444219EF032003C88AF /* testcase.txt */ = {isa = PBXFileReference; fileEncoding = 4; lastKnownFileType = text; name = testcase.txt; path = Code_Template/Cases/testcase.txt; sourceTree = "<group>"; };
		B1CD3445219EF03F003C88AF /* output.txt */ = {isa = PBXFileReference; fileEncoding = 4; lastKnownFileType = text; name = output.txt; path = Code_Template/Output/output.txt; sourceTree = "<group>"; };
		B1D70F7D21A6D6FF00D5E1D4 /* tracefile.txt */ = {isa = PBXFileReference; fileEncoding = 4; lastKnownFileType = text; name = tracefile.txt; path = Code_Template/Logs/tracefile.txt; sourceTree = "<group>"; };
		B1FFC610219A194100DC89A2 /* Code_Template */ = {isa = PBXFileReference; explicitFileType = "compiled.mach-o.executable"; includeInIndex = 0; path = Code_Template; sourceTree = BUILT_PRODUCTS_DIR; };
/* End PBXFileReference section */

/* Begin PBXFrameworksBuildPhase section */
		B1FFC60D219A194100DC89A2 /* Frameworks */ = {
			isa = PBXFrameworksBuildPhase;
			buildActionMask = 2147483647;
			files = (
			);
			runOnlyForDeploymentPostprocessing = 0;
		};
/* End PBXFrameworksBuildPhase section */

/* Begin PBXGroup section */
		B1FFC607219A194100DC89A2 = {
			isa = PBXGroup;
			children = (
				B15C422E21A4705600A16B43 /* Cases */,
				B15C423021A4705600A16B43 /* Code */,
				B15C423121A4705600A16B43 /* Input */,
				B15C422F21A4705600A16B43 /* Output */,
				B135AF1221A153F70057C3A3 /* Headers */,
				B1D70F7D21A6D6FF00D5E1D4 /* tracefile.txt */,
				B1CD3440219EF010003C88AF /* log.txt */,
				B1CD3443219EF024003C88AF /* SCRATCH.md */,
				B1CD3445219EF03F003C88AF /* output.txt */,
				B1CD3444219EF032003C88AF /* testcase.txt */,
				B135AF1321A154530057C3A3 /* solution.cpp */,
				B1CD343A219EEE6C003C88AF /* code.cpp */,
				B1FFC611219A194100DC89A2 /* Products */,
			);
			sourceTree = "<group>";
		};
		B1FFC611219A194100DC89A2 /* Products */ = {
			isa = PBXGroup;
			children = (
				B1FFC610219A194100DC89A2 /* Code_Template */,
			);
			name = Products;
			sourceTree = "<group>";
		};
/* End PBXGroup section */

/* Begin PBXNativeTarget section */
		B1FFC60F219A194100DC89A2 /* Code_Template */ = {
			isa = PBXNativeTarget;
			buildConfigurationList = B1FFC617219A194100DC89A2 /* Build configuration list for PBXNativeTarget "Code_Template" */;
			buildPhases = (
				B177B9B3219F1CBA0002BD50 /* Run Script */,
				B1FFC60C219A194100DC89A2 /* Sources */,
				B1FFC60D219A194100DC89A2 /* Frameworks */,
				B1FFC60E219A194100DC89A2 /* CopyFiles */,
			);
			buildRules = (
			);
			dependencies = (
			);
			name = Code_Template;
			productName = CodeChef_Codes;
			productReference = B1FFC610219A194100DC89A2 /* Code_Template */;
			productType = "com.apple.product-type.tool";
		};
/* End PBXNativeTarget section */

/* Begin PBXProject section */
		B1FFC608219A194100DC89A2 /* Project object */ = {
			isa = PBXProject;
			attributes = {
				LastUpgradeCheck = 1010;
				ORGANIZATIONNAME = "Google PPLNS";
				TargetAttributes = {
					B1FFC60F219A194100DC89A2 = {
						CreatedOnToolsVersion = 10.1;
					};
				};
			};
			buildConfigurationList = B1FFC60B219A194100DC89A2 /* Build configuration list for PBXProject "Code_Template" */;
			compatibilityVersion = "Xcode 9.3";
			developmentRegion = en;
			hasScannedForEncodings = 0;
			knownRegions = (
				en,
			);
			mainGroup = B1FFC607219A194100DC89A2;
			productRefGroup = B1FFC611219A194100DC89A2 /* Products */;
			projectDirPath = "";
			projectRoot = "";
			targets = (
				B1FFC60F219A194100DC89A2 /* Code_Template */,
			);
		};
/* End PBXProject section */

/* Begin PBXShellScriptBuildPhase section */
		B177B9B3219F1CBA0002BD50 /* Run Script */ = {
			isa = PBXShellScriptBuildPhase;
			buildActionMask = 12;
			files = (
			);
			inputFileListPaths = (
			);
			inputPaths = (
			);
			name = "Run Script";
			outputFileListPaths = (
			);
			outputPaths = (
			);
			runOnlyForDeploymentPostprocessing = 0;
			shellScript = "cd ../../../../../../../../../../../../\ncd /Users/sumitlahiri/Documents/Coding/Code_Template/\necho 'sumit#8636' | sudo -S git add .\noutput=$(date | openssl sha256 | openssl sha256 )\ncommit=$(date | openssl md5 )\nsudo git commit -a -m \"CodeBase MacX $commit \" -m \"$output\"\necho \"$commit : $output\"\nsudo /usr/local/bin/g++-8  -std=c++17 -m64 -O3 -Wall -Wextra -pedantic -pthread -march=x86-64 -DONLINE_JUDGE=1 -fomit-frame-pointer -g -DHASH=1 -DOFFLINE_START_BUILD=1 -I/usr/local/include -I/usr/local/opt/openssl/include code.cpp -L/usr/local/opt/openssl/lib -L/usr/local/bin -L/usr/local/lib -L/usr/bin -L/usr/lib -lcurl -lcurlpp -lpthread -lssl -lcrypto -o code.out\nsudo ./code.out\nsudo rm -rf code.out.dSYM\nsudo rm -rf code.out\ncd /Users/sumitlahiri/\nsudo /usr/bin/rsync -r ./Documents/Coding/Code_Template/./ ./Documents/ProjectStudio/Algorithms-Unlocked/Code\\ Template/Code_Template\nsudo ./git-merge-pull-diff-rebase.sh\necho \"$commit : $output\"\n";
		};
/* End PBXShellScriptBuildPhase section */

/* Begin PBXSourcesBuildPhase section */
		B1FFC60C219A194100DC89A2 /* Sources */ = {
			isa = PBXSourcesBuildPhase;
			buildActionMask = 2147483647;
			files = (
			);
			runOnlyForDeploymentPostprocessing = 0;
		};
/* End PBXSourcesBuildPhase section */

/* Begin XCBuildConfiguration section */
		B1FFC615219A194100DC89A2 /* Debug */ = {
			isa = XCBuildConfiguration;
			buildSettings = {
				ALWAYS_SEARCH_USER_PATHS = NO;
				CLANG_ANALYZER_NONNULL = YES;
				CLANG_ANALYZER_NUMBER_OBJECT_CONVERSION = YES_AGGRESSIVE;
				CLANG_CXX_LANGUAGE_STANDARD = "gnu++17";
				CLANG_CXX_LIBRARY = "libc++";
				CLANG_ENABLE_MODULES = YES;
				CLANG_ENABLE_OBJC_ARC = YES;
				CLANG_ENABLE_OBJC_WEAK = YES;
				CLANG_WARN_BLOCK_CAPTURE_AUTORELEASING = YES;
				CLANG_WARN_BOOL_CONVERSION = YES;
				CLANG_WARN_COMMA = YES;
				CLANG_WARN_CONSTANT_CONVERSION = YES;
				CLANG_WARN_DEPRECATED_OBJC_IMPLEMENTATIONS = YES;
				CLANG_WARN_DIRECT_OBJC_ISA_USAGE = YES_ERROR;
				CLANG_WARN_DOCUMENTATION_COMMENTS = YES;
				CLANG_WARN_EMPTY_BODY = YES;
				CLANG_WARN_ENUM_CONVERSION = YES;
				CLANG_WARN_INFINITE_RECURSION = YES;
				CLANG_WARN_INT_CONVERSION = YES;
				CLANG_WARN_NON_LITERAL_NULL_CONVERSION = YES;
				CLANG_WARN_OBJC_IMPLICIT_RETAIN_SELF = YES;
				CLANG_WARN_OBJC_LITERAL_CONVERSION = YES;
				CLANG_WARN_OBJC_ROOT_CLASS = YES_ERROR;
				CLANG_WARN_RANGE_LOOP_ANALYSIS = YES;
				CLANG_WARN_STRICT_PROTOTYPES = YES;
				CLANG_WARN_SUSPICIOUS_MOVE = YES;
				CLANG_WARN_UNGUARDED_AVAILABILITY = YES_AGGRESSIVE;
				CLANG_WARN_UNREACHABLE_CODE = YES;
				CLANG_WARN__DUPLICATE_METHOD_MATCH = YES;
				CODE_SIGN_IDENTITY = "Mac Developer";
				COPY_PHASE_STRIP = NO;
				DEBUG_INFORMATION_FORMAT = "dwarf-with-dsym";
				ENABLE_STRICT_OBJC_MSGSEND = YES;
				ENABLE_TESTABILITY = YES;
				GCC_C_LANGUAGE_STANDARD = gnu11;
				GCC_DYNAMIC_NO_PIC = NO;
				GCC_NO_COMMON_BLOCKS = YES;
				GCC_OPTIMIZATION_LEVEL = 0;
				GCC_PREPROCESSOR_DEFINITIONS = (
					"DEBUG=1",
					"$(inherited)",
				);
				GCC_VERSION = "";
				GCC_WARN_64_TO_32_BIT_CONVERSION = YES;
				GCC_WARN_ABOUT_RETURN_TYPE = YES_ERROR;
				GCC_WARN_UNDECLARED_SELECTOR = YES;
				GCC_WARN_UNINITIALIZED_AUTOS = YES_AGGRESSIVE;
				GCC_WARN_UNUSED_FUNCTION = YES;
				GCC_WARN_UNUSED_VARIABLE = YES;
				MACOSX_DEPLOYMENT_TARGET = 10.14;
				MTL_ENABLE_DEBUG_INFO = INCLUDE_SOURCE;
				MTL_FAST_MATH = YES;
				ONLY_ACTIVE_ARCH = YES;
				SDKROOT = macosx;
			};
			name = Debug;
		};
		B1FFC616219A194100DC89A2 /* Release */ = {
			isa = XCBuildConfiguration;
			buildSettings = {
				ALWAYS_SEARCH_USER_PATHS = NO;
				CLANG_ANALYZER_NONNULL = YES;
				CLANG_ANALYZER_NUMBER_OBJECT_CONVERSION = YES_AGGRESSIVE;
				CLANG_CXX_LANGUAGE_STANDARD = "gnu++17";
				CLANG_CXX_LIBRARY = "libc++";
				CLANG_ENABLE_MODULES = YES;
				CLANG_ENABLE_OBJC_ARC = YES;
				CLANG_ENABLE_OBJC_WEAK = YES;
				CLANG_WARN_BLOCK_CAPTURE_AUTORELEASING = YES;
				CLANG_WARN_BOOL_CONVERSION = YES;
				CLANG_WARN_COMMA = YES;
				CLANG_WARN_CONSTANT_CONVERSION = YES;
				CLANG_WARN_DEPRECATED_OBJC_IMPLEMENTATIONS = YES;
				CLANG_WARN_DIRECT_OBJC_ISA_USAGE = YES_ERROR;
				CLANG_WARN_DOCUMENTATION_COMMENTS = YES;
				CLANG_WARN_EMPTY_BODY = YES;
				CLANG_WARN_ENUM_CONVERSION = YES;
				CLANG_WARN_INFINITE_RECURSION = YES;
				CLANG_WARN_INT_CONVERSION = YES;
				CLANG_WARN_NON_LITERAL_NULL_CONVERSION = YES;
				CLANG_WARN_OBJC_IMPLICIT_RETAIN_SELF = YES;
				CLANG_WARN_OBJC_LITERAL_CONVERSION = YES;
				CLANG_WARN_OBJC_ROOT_CLASS = YES_ERROR;
				CLANG_WARN_RANGE_LOOP_ANALYSIS = YES;
				CLANG_WARN_STRICT_PROTOTYPES = YES;
				CLANG_WARN_SUSPICIOUS_MOVE = YES;
				CLANG_WARN_UNGUARDED_AVAILABILITY = YES_AGGRESSIVE;
				CLANG_WARN_UNREACHABLE_CODE = YES;
				CLANG_WARN__DUPLICATE_METHOD_MATCH = YES;
				CODE_SIGN_IDENTITY = "Mac Developer";
				COPY_PHASE_STRIP = NO;
				DEBUG_INFORMATION_FORMAT = "dwarf-with-dsym";
				ENABLE_NS_ASSERTIONS = NO;
				ENABLE_STRICT_OBJC_MSGSEND = YES;
				GCC_C_LANGUAGE_STANDARD = gnu11;
				GCC_NO_COMMON_BLOCKS = YES;
				GCC_VERSION = "";
				GCC_WARN_64_TO_32_BIT_CONVERSION = YES;
				GCC_WARN_ABOUT_RETURN_TYPE = YES_ERROR;
				GCC_WARN_UNDECLARED_SELECTOR = YES;
				GCC_WARN_UNINITIALIZED_AUTOS = YES_AGGRESSIVE;
				GCC_WARN_UNUSED_FUNCTION = YES;
				GCC_WARN_UNUSED_VARIABLE = YES;
				MACOSX_DEPLOYMENT_TARGET = 10.14;
				MTL_ENABLE_DEBUG_INFO = NO;
				MTL_FAST_MATH = YES;
				SDKROOT = macosx;
			};
			name = Release;
		};
		B1FFC618219A194100DC89A2 /* Debug */ = {
			isa = XCBuildConfiguration;
			buildSettings = {
				ARCHS = "$(ARCHS_STANDARD_64_BIT)";
				CLANG_CXX_LANGUAGE_STANDARD = "gnu++17";
				CLANG_CXX_LIBRARY = "libc++";
				CLANG_STATIC_ANALYZER_MODE_ON_ANALYZE_ACTION = shallow;
				CODE_SIGN_STYLE = Automatic;
				DEBUG_INFORMATION_FORMAT = dwarf;
				DEVELOPMENT_TEAM = 493N49BXGJ;
				ENABLE_NS_ASSERTIONS = NO;
				ENABLE_TESTABILITY = NO;
				GCC_PREPROCESSOR_DEFINITIONS = "$(inherited)";
				GCC_VERSION = "/usr/local/bin/g++8";
				"HEADER_SEARCH_PATHS[arch=*]" = "/usr/local/include/**";
				MACOSX_DEPLOYMENT_TARGET = 10.14;
				OTHER_LDFLAGS = (
					"-I/usr/local/include",
					"-I/usr/local/opt/openssl/include",
					"-L/usr/local/opt/openssl/lib",
					"-L/usr/local/bin",
					"-L/usr/local/lib",
					"-L/usr/bin",
					"-L/usr/lib",
					"-lpthread",
					"-lssl",
					"-lcrypto",
				);
				PRODUCT_NAME = "$(TARGET_NAME)";
				VERSIONING_SYSTEM = "apple-generic";
			};
			name = Debug;
		};
		B1FFC619219A194100DC89A2 /* Release */ = {
			isa = XCBuildConfiguration;
			buildSettings = {
				ARCHS = "$(ARCHS_STANDARD_64_BIT)";
				CLANG_CXX_LANGUAGE_STANDARD = "gnu++17";
				CLANG_CXX_LIBRARY = "libc++";
				CLANG_STATIC_ANALYZER_MODE_ON_ANALYZE_ACTION = shallow;
				CODE_SIGN_STYLE = Automatic;
				DEBUG_INFORMATION_FORMAT = dwarf;
				DEVELOPMENT_TEAM = 493N49BXGJ;
				GCC_VERSION = "/usr/local/bin/g++8";
				"HEADER_SEARCH_PATHS[arch=*]" = "/usr/local/include/**";
				MACOSX_DEPLOYMENT_TARGET = 10.14;
				MTL_ENABLE_DEBUG_INFO = YES;
				ONLY_ACTIVE_ARCH = YES;
				OTHER_LDFLAGS = (
					"-I/usr/local/include",
					"-I/usr/local/opt/openssl/include",
					"-L/usr/local/opt/openssl/lib",
					"-L/usr/local/bin",
					"-L/usr/local/lib",
					"-L/usr/bin",
					"-L/usr/lib",
					"-lpthread",
					"-lssl",
					"-lcrypto",
				);
				PRODUCT_NAME = "$(TARGET_NAME)";
				VERSIONING_SYSTEM = "apple-generic";
			};
			name = Release;
		};
/* End XCBuildConfiguration section */

/* Begin XCConfigurationList section */
		B1FFC60B219A194100DC89A2 /* Build configuration list for PBXProject "Code_Template" */ = {
			isa = XCConfigurationList;
			buildConfigurations = (
				B1FFC615219A194100DC89A2 /* Debug */,
				B1FFC616219A194100DC89A2 /* Release */,
			);
			defaultConfigurationIsVisible = 0;
			defaultConfigurationName = Release;
		};
		B1FFC617219A194100DC89A2 /* Build configuration list for PBXNativeTarget "Code_Template" */ = {
			isa = XCConfigurationList;
			buildConfigurations = (
				B1FFC618219A194100DC89A2 /* Debug */,
				B1FFC619219A194100DC89A2 /* Release */,
			);
			defaultConfigurationIsVisible = 0;
			defaultConfigurationName = Release;
		};
/* End XCConfigurationList section */
	};
	rootObject = B1FFC608219A194100DC89A2 /* Project object */;
}
