// !$*UTF8*$!
{
	archiveVersion = 1;
	classes = {
	};
	objectVersion = 50;
	objects = {

/* Begin PBXBuildFile section */
		B1FFC624219A1A0100DC89A2 /* code.cpp in Sources */ = {isa = PBXBuildFile; fileRef = B1FFC623219A1A0100DC89A2 /* code.cpp */; settings = {COMPILER_FLAGS = "-std=c++17 -O3 -Wall -Wextra -pedantic -march=native"; }; };
/* End PBXBuildFile section */

/* Begin PBXCopyFilesBuildPhase section */
		B1FFC60E219A194100DC89A2 /* CopyFiles */ = {
			isa = PBXCopyFilesBuildPhase;
			buildActionMask = 2147483647;
			dstPath = /usr/share/man/man1/;
			dstSubfolderSpec = 0;
			files = (
			);
			runOnlyForDeploymentPostprocessing = 1;
		};
/* End PBXCopyFilesBuildPhase section */

/* Begin PBXFileReference section */
		B1F7258B219B31C9001061E6 /* Logs */ = {isa = PBXFileReference; lastKnownFileType = folder; path = Logs; sourceTree = "<group>"; };
		B1FFC610219A194100DC89A2 /* CodeChef_Codes */ = {isa = PBXFileReference; explicitFileType = "compiled.mach-o.executable"; includeInIndex = 0; path = CodeChef_Codes; sourceTree = BUILT_PRODUCTS_DIR; };
		B1FFC61A219A197000DC89A2 /* Headers */ = {isa = PBXFileReference; lastKnownFileType = folder; path = Headers; sourceTree = "<group>"; };
		B1FFC61D219A197000DC89A2 /* Cases */ = {isa = PBXFileReference; lastKnownFileType = folder; path = Cases; sourceTree = "<group>"; };
		B1FFC61E219A197000DC89A2 /* Input */ = {isa = PBXFileReference; lastKnownFileType = folder; path = Input; sourceTree = "<group>"; };
		B1FFC61F219A197000DC89A2 /* Output */ = {isa = PBXFileReference; lastKnownFileType = folder; path = Output; sourceTree = "<group>"; };
		B1FFC623219A1A0100DC89A2 /* code.cpp */ = {isa = PBXFileReference; fileEncoding = 4; lastKnownFileType = sourcecode.cpp.cpp; path = code.cpp; sourceTree = "<group>"; };
/* End PBXFileReference section */

/* Begin PBXFrameworksBuildPhase section */
		B1FFC60D219A194100DC89A2 /* Frameworks */ = {
			isa = PBXFrameworksBuildPhase;
			buildActionMask = 2147483647;
			files = (
			);
			runOnlyForDeploymentPostprocessing = 0;
		};
/* End PBXFrameworksBuildPhase section */

/* Begin PBXGroup section */
		B1FFC607219A194100DC89A2 = {
			isa = PBXGroup;
			children = (
				B1FFC612219A194100DC89A2 /* CodeChef_Codes */,
				B1FFC611219A194100DC89A2 /* Products */,
			);
			sourceTree = "<group>";
		};
		B1FFC611219A194100DC89A2 /* Products */ = {
			isa = PBXGroup;
			children = (
				B1FFC610219A194100DC89A2 /* CodeChef_Codes */,
			);
			name = Products;
			sourceTree = "<group>";
		};
		B1FFC612219A194100DC89A2 /* CodeChef_Codes */ = {
			isa = PBXGroup;
			children = (
				B1F7258B219B31C9001061E6 /* Logs */,
				B1FFC623219A1A0100DC89A2 /* code.cpp */,
				B1FFC61D219A197000DC89A2 /* Cases */,
				B1FFC61A219A197000DC89A2 /* Headers */,
				B1FFC61E219A197000DC89A2 /* Input */,
				B1FFC61F219A197000DC89A2 /* Output */,
			);
			path = CodeChef_Codes;
			sourceTree = "<group>";
		};
/* End PBXGroup section */

/* Begin PBXNativeTarget section */
		B1FFC60F219A194100DC89A2 /* CodeChef_Codes */ = {
			isa = PBXNativeTarget;
			buildConfigurationList = B1FFC617219A194100DC89A2 /* Build configuration list for PBXNativeTarget "CodeChef_Codes" */;
			buildPhases = (
				B1FFC60C219A194100DC89A2 /* Sources */,
				B1FFC60D219A194100DC89A2 /* Frameworks */,
				B1FFC60E219A194100DC89A2 /* CopyFiles */,
			);
			buildRules = (
			);
			dependencies = (
			);
			name = CodeChef_Codes;
			productName = CodeChef_Codes;
			productReference = B1FFC610219A194100DC89A2 /* CodeChef_Codes */;
			productType = "com.apple.product-type.tool";
		};
/* End PBXNativeTarget section */

/* Begin PBXProject section */
		B1FFC608219A194100DC89A2 /* Project object */ = {
			isa = PBXProject;
			attributes = {
				LastUpgradeCheck = 1010;
				ORGANIZATIONNAME = "Google PPLNS";
				TargetAttributes = {
					B1FFC60F219A194100DC89A2 = {
						CreatedOnToolsVersion = 10.1;
					};
				};
			};
			buildConfigurationList = B1FFC60B219A194100DC89A2 /* Build configuration list for PBXProject "CodeChef_Codes" */;
			compatibilityVersion = "Xcode 9.3";
			developmentRegion = en;
			hasScannedForEncodings = 0;
			knownRegions = (
				en,
			);
			mainGroup = B1FFC607219A194100DC89A2;
			productRefGroup = B1FFC611219A194100DC89A2 /* Products */;
			projectDirPath = "";
			projectRoot = "";
			targets = (
				B1FFC60F219A194100DC89A2 /* CodeChef_Codes */,
			);
		};
/* End PBXProject section */

/* Begin PBXSourcesBuildPhase section */
		B1FFC60C219A194100DC89A2 /* Sources */ = {
			isa = PBXSourcesBuildPhase;
			buildActionMask = 2147483647;
			files = (
				B1FFC624219A1A0100DC89A2 /* code.cpp in Sources */,
			);
			runOnlyForDeploymentPostprocessing = 0;
		};
/* End PBXSourcesBuildPhase section */

/* Begin XCBuildConfiguration section */
		B1FFC615219A194100DC89A2 /* Debug */ = {
			isa = XCBuildConfiguration;
			buildSettings = {
				ALWAYS_SEARCH_USER_PATHS = NO;
				CLANG_ANALYZER_NONNULL = YES;
				CLANG_ANALYZER_NUMBER_OBJECT_CONVERSION = YES_AGGRESSIVE;
				CLANG_CXX_LANGUAGE_STANDARD = "gnu++14";
				CLANG_CXX_LIBRARY = "libc++";
				CLANG_ENABLE_MODULES = YES;
				CLANG_ENABLE_OBJC_ARC = YES;
				CLANG_ENABLE_OBJC_WEAK = YES;
				CLANG_WARN_BLOCK_CAPTURE_AUTORELEASING = YES;
				CLANG_WARN_BOOL_CONVERSION = YES;
				CLANG_WARN_COMMA = YES;
				CLANG_WARN_CONSTANT_CONVERSION = YES;
				CLANG_WARN_DEPRECATED_OBJC_IMPLEMENTATIONS = YES;
				CLANG_WARN_DIRECT_OBJC_ISA_USAGE = YES_ERROR;
				CLANG_WARN_DOCUMENTATION_COMMENTS = YES;
				CLANG_WARN_EMPTY_BODY = YES;
				CLANG_WARN_ENUM_CONVERSION = YES;
				CLANG_WARN_INFINITE_RECURSION = YES;
				CLANG_WARN_INT_CONVERSION = YES;
				CLANG_WARN_NON_LITERAL_NULL_CONVERSION = YES;
				CLANG_WARN_OBJC_IMPLICIT_RETAIN_SELF = YES;
				CLANG_WARN_OBJC_LITERAL_CONVERSION = YES;
				CLANG_WARN_OBJC_ROOT_CLASS = YES_ERROR;
				CLANG_WARN_RANGE_LOOP_ANALYSIS = YES;
				CLANG_WARN_STRICT_PROTOTYPES = YES;
				CLANG_WARN_SUSPICIOUS_MOVE = YES;
				CLANG_WARN_UNGUARDED_AVAILABILITY = YES_AGGRESSIVE;
				CLANG_WARN_UNREACHABLE_CODE = YES;
				CLANG_WARN__DUPLICATE_METHOD_MATCH = YES;
				CODE_SIGN_IDENTITY = "Mac Developer";
				COPY_PHASE_STRIP = NO;
				DEBUG_INFORMATION_FORMAT = dwarf;
				ENABLE_STRICT_OBJC_MSGSEND = YES;
				ENABLE_TESTABILITY = YES;
				GCC_C_LANGUAGE_STANDARD = gnu11;
				GCC_DYNAMIC_NO_PIC = NO;
				GCC_NO_COMMON_BLOCKS = YES;
				GCC_OPTIMIZATION_LEVEL = 0;
				GCC_PREPROCESSOR_DEFINITIONS = (
					"DEBUG=1",
					"$(inherited)",
				);
				GCC_WARN_64_TO_32_BIT_CONVERSION = YES;
				GCC_WARN_ABOUT_RETURN_TYPE = YES_ERROR;
				GCC_WARN_UNDECLARED_SELECTOR = YES;
				GCC_WARN_UNINITIALIZED_AUTOS = YES_AGGRESSIVE;
				GCC_WARN_UNUSED_FUNCTION = YES;
				GCC_WARN_UNUSED_VARIABLE = YES;
				MACOSX_DEPLOYMENT_TARGET = 10.14;
				MTL_ENABLE_DEBUG_INFO = INCLUDE_SOURCE;
				MTL_FAST_MATH = YES;
				ONLY_ACTIVE_ARCH = YES;
				SDKROOT = macosx;
			};
			name = Debug;
		};
		B1FFC616219A194100DC89A2 /* Release */ = {
			isa = XCBuildConfiguration;
			buildSettings = {
				ALWAYS_SEARCH_USER_PATHS = NO;
				CLANG_ANALYZER_NONNULL = YES;
				CLANG_ANALYZER_NUMBER_OBJECT_CONVERSION = YES_AGGRESSIVE;
				CLANG_CXX_LANGUAGE_STANDARD = "gnu++14";
				CLANG_CXX_LIBRARY = "libc++";
				CLANG_ENABLE_MODULES = YES;
				CLANG_ENABLE_OBJC_ARC = YES;
				CLANG_ENABLE_OBJC_WEAK = YES;
				CLANG_WARN_BLOCK_CAPTURE_AUTORELEASING = YES;
				CLANG_WARN_BOOL_CONVERSION = YES;
				CLANG_WARN_COMMA = YES;
				CLANG_WARN_CONSTANT_CONVERSION = YES;
				CLANG_WARN_DEPRECATED_OBJC_IMPLEMENTATIONS = YES;
				CLANG_WARN_DIRECT_OBJC_ISA_USAGE = YES_ERROR;
				CLANG_WARN_DOCUMENTATION_COMMENTS = YES;
				CLANG_WARN_EMPTY_BODY = YES;
				CLANG_WARN_ENUM_CONVERSION = YES;
				CLANG_WARN_INFINITE_RECURSION = YES;
				CLANG_WARN_INT_CONVERSION = YES;
				CLANG_WARN_NON_LITERAL_NULL_CONVERSION = YES;
				CLANG_WARN_OBJC_IMPLICIT_RETAIN_SELF = YES;
				CLANG_WARN_OBJC_LITERAL_CONVERSION = YES;
				CLANG_WARN_OBJC_ROOT_CLASS = YES_ERROR;
				CLANG_WARN_RANGE_LOOP_ANALYSIS = YES;
				CLANG_WARN_STRICT_PROTOTYPES = YES;
				CLANG_WARN_SUSPICIOUS_MOVE = YES;
				CLANG_WARN_UNGUARDED_AVAILABILITY = YES_AGGRESSIVE;
				CLANG_WARN_UNREACHABLE_CODE = YES;
				CLANG_WARN__DUPLICATE_METHOD_MATCH = YES;
				CODE_SIGN_IDENTITY = "Mac Developer";
				COPY_PHASE_STRIP = NO;
				DEBUG_INFORMATION_FORMAT = "dwarf-with-dsym";
				ENABLE_NS_ASSERTIONS = NO;
				ENABLE_STRICT_OBJC_MSGSEND = YES;
				GCC_C_LANGUAGE_STANDARD = gnu11;
				GCC_NO_COMMON_BLOCKS = YES;
				GCC_WARN_64_TO_32_BIT_CONVERSION = YES;
				GCC_WARN_ABOUT_RETURN_TYPE = YES_ERROR;
				GCC_WARN_UNDECLARED_SELECTOR = YES;
				GCC_WARN_UNINITIALIZED_AUTOS = YES_AGGRESSIVE;
				GCC_WARN_UNUSED_FUNCTION = YES;
				GCC_WARN_UNUSED_VARIABLE = YES;
				MACOSX_DEPLOYMENT_TARGET = 10.14;
				MTL_ENABLE_DEBUG_INFO = NO;
				MTL_FAST_MATH = YES;
				SDKROOT = macosx;
			};
			name = Release;
		};
		B1FFC618219A194100DC89A2 /* Debug */ = {
			isa = XCBuildConfiguration;
			buildSettings = {
				ARCHS = "$(ARCHS_STANDARD_64_BIT)";
				CODE_SIGN_STYLE = Automatic;
				DEVELOPMENT_TEAM = 493N49BXGJ;
				"HEADER_SEARCH_PATHS[arch=*]" = /usr/local/include;
				MACOSX_DEPLOYMENT_TARGET = 10.14;
				OTHER_LDFLAGS = (
					"-I/usr/local/include",
					"-I/usr/local/opt/openssl/include",
					"-L/usr/local/opt/openssl/lib",
					"-L/usr/local/bin",
					"-L/usr/local/lib",
					"-L/usr/bin",
					"-L/usr/lib",
					"-lcurl",
					"-lcurlpp",
					"-lpthread",
					"-lssl",
					"-lcrypto",
				);
				PRODUCT_NAME = "$(TARGET_NAME)";
			};
			name = Debug;
		};
		B1FFC619219A194100DC89A2 /* Release */ = {
			isa = XCBuildConfiguration;
			buildSettings = {
				ARCHS = "$(ARCHS_STANDARD_64_BIT)";
				CODE_SIGN_STYLE = Automatic;
				DEVELOPMENT_TEAM = 493N49BXGJ;
				"HEADER_SEARCH_PATHS[arch=*]" = /usr/local/include;
				MACOSX_DEPLOYMENT_TARGET = 10.14;
				OTHER_LDFLAGS = (
					"-I/usr/local/include",
					"-I/usr/local/opt/openssl/include",
					"-L/usr/local/opt/openssl/lib",
					"-L/usr/local/bin",
					"-L/usr/local/lib",
					"-L/usr/bin",
					"-L/usr/lib",
					"-lcurl",
					"-lcurlpp",
					"-lpthread",
					"-lssl",
					"-lcrypto",
				);
				PRODUCT_NAME = "$(TARGET_NAME)";
			};
			name = Release;
		};
/* End XCBuildConfiguration section */

/* Begin XCConfigurationList section */
		B1FFC60B219A194100DC89A2 /* Build configuration list for PBXProject "CodeChef_Codes" */ = {
			isa = XCConfigurationList;
			buildConfigurations = (
				B1FFC615219A194100DC89A2 /* Debug */,
				B1FFC616219A194100DC89A2 /* Release */,
			);
			defaultConfigurationIsVisible = 0;
			defaultConfigurationName = Release;
		};
		B1FFC617219A194100DC89A2 /* Build configuration list for PBXNativeTarget "CodeChef_Codes" */ = {
			isa = XCConfigurationList;
			buildConfigurations = (
				B1FFC618219A194100DC89A2 /* Debug */,
				B1FFC619219A194100DC89A2 /* Release */,
			);
			defaultConfigurationIsVisible = 0;
			defaultConfigurationName = Release;
		};
/* End XCConfigurationList section */
	};
	rootObject = B1FFC608219A194100DC89A2 /* Project object */;
}
