<?xml version="1.0" encoding="UTF-8"?>
<Scheme
   LastUpgradeVersion = "1010"
   version = "1.7">
   <BuildAction
      parallelizeBuildables = "YES"
      buildImplicitDependencies = "YES">
      <BuildActionEntries>
         <BuildActionEntry
            buildForTesting = "YES"
            buildForRunning = "YES"
            buildForProfiling = "YES"
            buildForArchiving = "YES"
            buildForAnalyzing = "YES">
            <BuildableReference
               BuildableIdentifier = "primary"
               BlueprintIdentifier = "B143C1F2218EC3E000131614"
               BuildableName = "Google_Code"
               BlueprintName = "Google_Code"
               ReferencedContainer = "container:Google_Code.xcodeproj">
            </BuildableReference>
         </BuildActionEntry>
      </BuildActionEntries>
   </BuildAction>
   <TestAction
      buildConfiguration = "Debug"
      selectedDebuggerIdentifier = "Xcode.DebuggerFoundation.Debugger.LLDB"
      selectedLauncherIdentifier = "Xcode.DebuggerFoundation.Launcher.LLDB"
      enableAddressSanitizer = "YES"
      enableASanStackUseAfterReturn = "YES"
      enableUBSanitizer = "YES"
      shouldUseLaunchSchemeArgsEnv = "YES">
      <Testables>
      </Testables>
      <MacroExpansion>
         <BuildableReference
            BuildableIdentifier = "primary"
            BlueprintIdentifier = "B143C1F2218EC3E000131614"
            BuildableName = "Google_Code"
            BlueprintName = "Google_Code"
            ReferencedContainer = "container:Google_Code.xcodeproj">
         </BuildableReference>
      </MacroExpansion>
      <AdditionalOptions>
         <AdditionalOption
            key = "DYLD_PRINT_LIBRARIES"
            value = ""
            isEnabled = "YES">
         </AdditionalOption>
         <AdditionalOption
            key = "DYLD_PRINT_APIS"
            value = ""
            isEnabled = "YES">
         </AdditionalOption>
         <AdditionalOption
            key = "NSZombieEnabled"
            value = "YES"
            isEnabled = "YES">
         </AdditionalOption>
         <AdditionalOption
            key = "MallocScribble"
            value = ""
            isEnabled = "YES">
         </AdditionalOption>
      </AdditionalOptions>
   </TestAction>
   <LaunchAction
      buildConfiguration = "Debug"
      selectedDebuggerIdentifier = "Xcode.DebuggerFoundation.Debugger.LLDB"
      selectedLauncherIdentifier = "Xcode.DebuggerFoundation.Launcher.LLDB"
      debugAsWhichUser = "root"
      enableAddressSanitizer = "YES"
      enableASanStackUseAfterReturn = "YES"
      enableUBSanitizer = "YES"
      launchStyle = "0"
      useCustomWorkingDirectory = "YES"
      customWorkingDirectory = "/Users/sumitlahiri/Documents/ProjectStudio/Google_Code"
      ignoresPersistentStateOnLaunch = "YES"
      debugDocumentVersioning = "YES"
      stopOnEveryUBSanitizerIssue = "YES"
      stopOnEveryMainThreadCheckerIssue = "YES"
      debugServiceExtension = "internal"
      allowLocationSimulation = "YES"
      showNonLocalizedStrings = "YES">
      <BuildableProductRunnable
         runnableDebuggingMode = "0">
         <BuildableReference
            BuildableIdentifier = "primary"
            BlueprintIdentifier = "B143C1F2218EC3E000131614"
            BuildableName = "Google_Code"
            BlueprintName = "Google_Code"
            ReferencedContainer = "container:Google_Code.xcodeproj">
         </BuildableReference>
      </BuildableProductRunnable>
      <AdditionalOptions>
         <AdditionalOption
            key = "DYLD_PRINT_LIBRARIES"
            value = ""
            isEnabled = "YES">
         </AdditionalOption>
         <AdditionalOption
            key = "DYLD_PRINT_APIS"
            value = ""
            isEnabled = "YES">
         </AdditionalOption>
         <AdditionalOption
            key = "NSZombieEnabled"
            value = "YES"
            isEnabled = "YES">
         </AdditionalOption>
         <AdditionalOption
            key = "MallocScribble"
            value = ""
            isEnabled = "YES">
         </AdditionalOption>
      </AdditionalOptions>
      <LocationScenarioReference
         identifier = "Tokyo, Japan"
         referenceType = "1">
      </LocationScenarioReference>
   </LaunchAction>
   <ProfileAction
      buildConfiguration = "Release"
      shouldUseLaunchSchemeArgsEnv = "YES"
      savedToolIdentifier = ""
      useCustomWorkingDirectory = "YES"
      customWorkingDirectory = "/Users/sumitlahiri/Documents/ProjectStudio/Google_Code"
      ignoresPersistentStateOnLaunch = "YES"
      debugDocumentVersioning = "YES">
      <BuildableProductRunnable
         runnableDebuggingMode = "0">
         <BuildableReference
            BuildableIdentifier = "primary"
            BlueprintIdentifier = "B143C1F2218EC3E000131614"
            BuildableName = "Google_Code"
            BlueprintName = "Google_Code"
            ReferencedContainer = "container:Google_Code.xcodeproj">
         </BuildableReference>
      </BuildableProductRunnable>
   </ProfileAction>
   <AnalyzeAction
      buildConfiguration = "Debug">
   </AnalyzeAction>
   <ArchiveAction
      buildConfiguration = "Release"
      revealArchiveInOrganizer = "YES">
   </ArchiveAction>
</Scheme>
